
Microsoft Visual Studio Solution File, Format Version 12.00
# Visual Studio Version 17
VisualStudioVersion = 17.6.33723.286
MinimumVisualStudioVersion = 10.0.40219.1
Project("{FAE04EC0-301F-11D3-BF4B-00C04F79EFBC}") = "2TUP5ConsultaAlumnoAPI", "2TUP5ConsultaAlumnoAPI\2TUP5ConsultaAlumnoAPI.csproj", "{EB092D19-F426-4666-824F-754A8285A8EA}"
EndProject
Global
	GlobalSection(SolutionConfigurationPlatforms) = preSolution
		Debug|Any CPU = Debug|Any CPU
		Release|Any CPU = Release|Any CPU
	EndGlobalSection
	GlobalSection(ProjectConfigurationPlatforms) = postSolution
		{EB092D19-F426-4666-824F-754A8285A8EA}.Debug|Any CPU.ActiveCfg = Debug|Any CPU
		{EB092D19-F426-4666-824F-754A8285A8EA}.Debug|Any CPU.Build.0 = Debug|Any CPU
		{EB092D19-F426-4666-824F-754A8285A8EA}.Release|Any CPU.ActiveCfg = Release|Any CPU
		{EB092D19-F426-4666-824F-754A8285A8EA}.Release|Any CPU.Build.0 = Release|Any CPU
	EndGlobalSection
	GlobalSection(SolutionProperties) = preSolution
		HideSolutionNode = FALSE
	EndGlobalSection
	GlobalSection(ExtensibilityGlobals) = postSolution
		SolutionGuid = {CF133879-A53A-42FE-94DC-2FF1721A7878}
	EndGlobalSection
EndGlobal
